
Microsoft Visual Studio Solution File, Format Version 12.00
# Visual Studio 15
VisualStudioVersion = 15.0.27703.2035
MinimumVisualStudioVersion = 10.0.40219.1
Project("{9A19103F-16F7-4668-BE54-9A1E7A4F7556}") = "Gouda.Core", "Gouda.Core\Gouda.Core.csproj", "{885F0CAE-E005-4AD5-B8C0-BB555396DB4F}"
EndProject
Project("{FAE04EC0-301F-11D3-BF4B-00C04F79EFBC}") = "Gouda.Core.Tests", "Gouda.Core.Tests\Gouda.Core.Tests.csproj", "{53C96AA8-7471-4426-965B-D4BA6A75F605}"
EndProject
Global
	GlobalSection(SolutionConfigurationPlatforms) = preSolution
		Debug|Any CPU = Debug|Any CPU
		Release|Any CPU = Release|Any CPU
		TestPublish|Any CPU = TestPublish|Any CPU
	EndGlobalSection
	GlobalSection(ProjectConfigurationPlatforms) = postSolution
		{885F0CAE-E005-4AD5-B8C0-BB555396DB4F}.Debug|Any CPU.ActiveCfg = Debug|Any CPU
		{885F0CAE-E005-4AD5-B8C0-BB555396DB4F}.Debug|Any CPU.Build.0 = Debug|Any CPU
		{885F0CAE-E005-4AD5-B8C0-BB555396DB4F}.Release|Any CPU.ActiveCfg = Release|Any CPU
		{885F0CAE-E005-4AD5-B8C0-BB555396DB4F}.Release|Any CPU.Build.0 = Release|Any CPU
		{885F0CAE-E005-4AD5-B8C0-BB555396DB4F}.TestPublish|Any CPU.ActiveCfg = Debug|Any CPU
		{885F0CAE-E005-4AD5-B8C0-BB555396DB4F}.TestPublish|Any CPU.Build.0 = Debug|Any CPU
		{53C96AA8-7471-4426-965B-D4BA6A75F605}.Debug|Any CPU.ActiveCfg = Debug|Any CPU
		{53C96AA8-7471-4426-965B-D4BA6A75F605}.Debug|Any CPU.Build.0 = Debug|Any CPU
		{53C96AA8-7471-4426-965B-D4BA6A75F605}.Release|Any CPU.ActiveCfg = Release|Any CPU
		{53C96AA8-7471-4426-965B-D4BA6A75F605}.Release|Any CPU.Build.0 = Release|Any CPU
		{53C96AA8-7471-4426-965B-D4BA6A75F605}.TestPublish|Any CPU.ActiveCfg = Debug|Any CPU
		{53C96AA8-7471-4426-965B-D4BA6A75F605}.TestPublish|Any CPU.Build.0 = Debug|Any CPU
	EndGlobalSection
	GlobalSection(SolutionProperties) = preSolution
		HideSolutionNode = FALSE
	EndGlobalSection
	GlobalSection(ExtensibilityGlobals) = postSolution
		SolutionGuid = {702730C1-A6F9-4861-B2F4-9AE5C301C7E3}
	EndGlobalSection
EndGlobal
