
Microsoft Visual Studio Solution File, Format Version 12.00
# Visual Studio Version 16
VisualStudioVersion = 16.0.29519.181
MinimumVisualStudioVersion = 10.0.40219.1
Project("{FAE04EC0-301F-11D3-BF4B-00C04F79EFBC}") = "Whey", "Whey\Whey.csproj", "{E8B40D7A-8CAF-487D-890D-B794065360B8}"
EndProject
Global
	GlobalSection(SolutionConfigurationPlatforms) = preSolution
		Debug|Any CPU = Debug|Any CPU
		Release|Any CPU = Release|Any CPU
	EndGlobalSection
	GlobalSection(ProjectConfigurationPlatforms) = postSolution
		{E8B40D7A-8CAF-487D-890D-B794065360B8}.Debug|Any CPU.ActiveCfg = Debug|Any CPU
		{E8B40D7A-8CAF-487D-890D-B794065360B8}.Debug|Any CPU.Build.0 = Debug|Any CPU
		{E8B40D7A-8CAF-487D-890D-B794065360B8}.Release|Any CPU.ActiveCfg = Release|Any CPU
		{E8B40D7A-8CAF-487D-890D-B794065360B8}.Release|Any CPU.Build.0 = Release|Any CPU
	EndGlobalSection
	GlobalSection(SolutionProperties) = preSolution
		HideSolutionNode = FALSE
	EndGlobalSection
	GlobalSection(ExtensibilityGlobals) = postSolution
		SolutionGuid = {FDD7D86B-CCFB-4EEA-8AAA-9A34DA46AD50}
	EndGlobalSection
EndGlobal
