
Microsoft Visual Studio Solution File, Format Version 12.00
# Visual Studio Version 16
VisualStudioVersion = 16.0.31005.135
MinimumVisualStudioVersion = 10.0.40219.1
Project("{9A19103F-16F7-4668-BE54-9A1E7A4F7556}") = "Bleu.Games.TestSite", "Bleu.Games.TestSite\Bleu.Games.TestSite.csproj", "{D03EDBB1-7F3B-4E19-97C4-AC811FF8179A}"
EndProject
Global
	GlobalSection(SolutionConfigurationPlatforms) = preSolution
		Debug|Any CPU = Debug|Any CPU
		Release|Any CPU = Release|Any CPU
	EndGlobalSection
	GlobalSection(ProjectConfigurationPlatforms) = postSolution
		{D03EDBB1-7F3B-4E19-97C4-AC811FF8179A}.Debug|Any CPU.ActiveCfg = Debug|Any CPU
		{D03EDBB1-7F3B-4E19-97C4-AC811FF8179A}.Debug|Any CPU.Build.0 = Debug|Any CPU
		{D03EDBB1-7F3B-4E19-97C4-AC811FF8179A}.Release|Any CPU.ActiveCfg = Release|Any CPU
		{D03EDBB1-7F3B-4E19-97C4-AC811FF8179A}.Release|Any CPU.Build.0 = Release|Any CPU
	EndGlobalSection
	GlobalSection(SolutionProperties) = preSolution
		HideSolutionNode = FALSE
	EndGlobalSection
	GlobalSection(ExtensibilityGlobals) = postSolution
		SolutionGuid = {FA96C8AE-C4B1-4CD4-822E-784C22464112}
	EndGlobalSection
EndGlobal
