
Microsoft Visual Studio Solution File, Format Version 12.00
# Visual Studio Version 16
VisualStudioVersion = 16.0.29519.181
MinimumVisualStudioVersion = 10.0.40219.1
Project("{9A19103F-16F7-4668-BE54-9A1E7A4F7556}") = "Curds.Core", "Curds.Core\Curds.Core.csproj", "{52EF6CDA-29E4-417B-AD1C-C0519621FBB0}"
EndProject
Project("{9A19103F-16F7-4668-BE54-9A1E7A4F7556}") = "Curds.Core.Testing", "Curds.Core.Testing\Curds.Core.Testing.csproj", "{DDF5B631-C02B-4D0B-91CE-DC261E743795}"
EndProject
Global
	GlobalSection(SolutionConfigurationPlatforms) = preSolution
		Debug|Any CPU = Debug|Any CPU
		Release|Any CPU = Release|Any CPU
	EndGlobalSection
	GlobalSection(ProjectConfigurationPlatforms) = postSolution
		{52EF6CDA-29E4-417B-AD1C-C0519621FBB0}.Debug|Any CPU.ActiveCfg = Debug|Any CPU
		{52EF6CDA-29E4-417B-AD1C-C0519621FBB0}.Debug|Any CPU.Build.0 = Debug|Any CPU
		{52EF6CDA-29E4-417B-AD1C-C0519621FBB0}.Release|Any CPU.ActiveCfg = Release|Any CPU
		{52EF6CDA-29E4-417B-AD1C-C0519621FBB0}.Release|Any CPU.Build.0 = Release|Any CPU
		{DDF5B631-C02B-4D0B-91CE-DC261E743795}.Debug|Any CPU.ActiveCfg = Debug|Any CPU
		{DDF5B631-C02B-4D0B-91CE-DC261E743795}.Debug|Any CPU.Build.0 = Debug|Any CPU
		{DDF5B631-C02B-4D0B-91CE-DC261E743795}.Release|Any CPU.ActiveCfg = Release|Any CPU
		{DDF5B631-C02B-4D0B-91CE-DC261E743795}.Release|Any CPU.Build.0 = Release|Any CPU
	EndGlobalSection
	GlobalSection(SolutionProperties) = preSolution
		HideSolutionNode = FALSE
	EndGlobalSection
	GlobalSection(ExtensibilityGlobals) = postSolution
		SolutionGuid = {3278C4B5-44C1-47AA-AC3B-90029D984BFE}
	EndGlobalSection
EndGlobal
